
Microsoft Visual Studio Solution File, Format Version 12.00
# Visual Studio Version 17
VisualStudioVersion = 17.14.36930.0
MinimumVisualStudioVersion = 10.0.40219.1
Project("{8BC9CEB8-8B4A-11D0-8D11-00A0C91BC942}") = "GameApp", "GameApp\Default\GameApp.vcxproj", "{FC1526A1-FFC8-46D8-A181-2D583AFA498A}"
	ProjectSection(ProjectDependencies) = postProject
		{353138AB-68D9-41D5-84D5-A6FC826430D5} = {353138AB-68D9-41D5-84D5-A6FC826430D5}
		{90D8138C-38DD-4549-8CA1-E7F732B13321} = {90D8138C-38DD-4549-8CA1-E7F732B13321}
	EndProjectSection
EndProject
Project("{8BC9CEB8-8B4A-11D0-8D11-00A0C91BC942}") = "Engine", "Engine\Default\Engine.vcxproj", "{90D8138C-38DD-4549-8CA1-E7F732B13321}"
EndProject
Project("{8BC9CEB8-8B4A-11D0-8D11-00A0C91BC942}") = "Client", "Client\Default\Client.vcxproj", "{353138AB-68D9-41D5-84D5-A6FC826430D5}"
	ProjectSection(ProjectDependencies) = postProject
		{90D8138C-38DD-4549-8CA1-E7F732B13321} = {90D8138C-38DD-4549-8CA1-E7F732B13321}
	EndProjectSection
EndProject
Project("{8BC9CEB8-8B4A-11D0-8D11-00A0C91BC942}") = "Editor", "Editor\Default\Editor.vcxproj", "{75AC0C91-CFC6-4648-9586-B843C161D5C3}"
	ProjectSection(ProjectDependencies) = postProject
		{353138AB-68D9-41D5-84D5-A6FC826430D5} = {353138AB-68D9-41D5-84D5-A6FC826430D5}
		{90D8138C-38DD-4549-8CA1-E7F732B13321} = {90D8138C-38DD-4549-8CA1-E7F732B13321}
	EndProjectSection
EndProject
Project("{2150E333-8FDC-42A3-9474-1A3956D46DE8}") = "DLL", "DLL", "{C8D5274F-AC00-46C7-1F8D-E88E81087A52}"
EndProject
Project("{2150E333-8FDC-42A3-9474-1A3956D46DE8}") = "00. Engine", "00. Engine", "{83ADBDD3-DBF8-4457-B8AC-394886CEDF01}"
EndProject
Project("{2150E333-8FDC-42A3-9474-1A3956D46DE8}") = "01. Client", "01. Client", "{131A9134-ADC9-4872-96CE-CB5B3B194A87}"
EndProject
Project("{2150E333-8FDC-42A3-9474-1A3956D46DE8}") = "EXE", "EXE", "{EACC5F36-6846-4585-AD61-DBC62FC4B222}"
EndProject
Project("{2150E333-8FDC-42A3-9474-1A3956D46DE8}") = "00. GameApp", "00. GameApp", "{83E6ECFF-A9DD-4725-B245-CEC4E34AF89B}"
EndProject
Project("{2150E333-8FDC-42A3-9474-1A3956D46DE8}") = "01. Editor", "01. Editor", "{ACDF55B5-1EDB-4026-882D-70D99D3E94C3}"
EndProject
Global
	GlobalSection(SolutionConfigurationPlatforms) = preSolution
		Debug|x64 = Debug|x64
		Debug|x86 = Debug|x86
		Release|x64 = Release|x64
		Release|x86 = Release|x86
	EndGlobalSection
	GlobalSection(ProjectConfigurationPlatforms) = postSolution
		{FC1526A1-FFC8-46D8-A181-2D583AFA498A}.Debug|x64.ActiveCfg = Debug|x64
		{FC1526A1-FFC8-46D8-A181-2D583AFA498A}.Debug|x64.Build.0 = Debug|x64
		{FC1526A1-FFC8-46D8-A181-2D583AFA498A}.Debug|x86.ActiveCfg = Debug|Win32
		{FC1526A1-FFC8-46D8-A181-2D583AFA498A}.Debug|x86.Build.0 = Debug|Win32
		{FC1526A1-FFC8-46D8-A181-2D583AFA498A}.Release|x64.ActiveCfg = Release|x64
		{FC1526A1-FFC8-46D8-A181-2D583AFA498A}.Release|x64.Build.0 = Release|x64
		{FC1526A1-FFC8-46D8-A181-2D583AFA498A}.Release|x86.ActiveCfg = Release|Win32
		{FC1526A1-FFC8-46D8-A181-2D583AFA498A}.Release|x86.Build.0 = Release|Win32
		{90D8138C-38DD-4549-8CA1-E7F732B13321}.Debug|x64.ActiveCfg = Debug|x64
		{90D8138C-38DD-4549-8CA1-E7F732B13321}.Debug|x64.Build.0 = Debug|x64
		{90D8138C-38DD-4549-8CA1-E7F732B13321}.Debug|x86.ActiveCfg = Debug|Win32
		{90D8138C-38DD-4549-8CA1-E7F732B13321}.Debug|x86.Build.0 = Debug|Win32
		{90D8138C-38DD-4549-8CA1-E7F732B13321}.Release|x64.ActiveCfg = Release|x64
		{90D8138C-38DD-4549-8CA1-E7F732B13321}.Release|x64.Build.0 = Release|x64
		{90D8138C-38DD-4549-8CA1-E7F732B13321}.Release|x86.ActiveCfg = Release|Win32
		{90D8138C-38DD-4549-8CA1-E7F732B13321}.Release|x86.Build.0 = Release|Win32
		{353138AB-68D9-41D5-84D5-A6FC826430D5}.Debug|x64.ActiveCfg = Debug|x64
		{353138AB-68D9-41D5-84D5-A6FC826430D5}.Debug|x64.Build.0 = Debug|x64
		{353138AB-68D9-41D5-84D5-A6FC826430D5}.Debug|x86.ActiveCfg = Debug|Win32
		{353138AB-68D9-41D5-84D5-A6FC826430D5}.Debug|x86.Build.0 = Debug|Win32
		{353138AB-68D9-41D5-84D5-A6FC826430D5}.Release|x64.ActiveCfg = Release|x64
		{353138AB-68D9-41D5-84D5-A6FC826430D5}.Release|x64.Build.0 = Release|x64
		{353138AB-68D9-41D5-84D5-A6FC826430D5}.Release|x86.ActiveCfg = Release|Win32
		{353138AB-68D9-41D5-84D5-A6FC826430D5}.Release|x86.Build.0 = Release|Win32
		{75AC0C91-CFC6-4648-9586-B843C161D5C3}.Debug|x64.ActiveCfg = Debug|x64
		{75AC0C91-CFC6-4648-9586-B843C161D5C3}.Debug|x64.Build.0 = Debug|x64
		{75AC0C91-CFC6-4648-9586-B843C161D5C3}.Debug|x86.ActiveCfg = Debug|Win32
		{75AC0C91-CFC6-4648-9586-B843C161D5C3}.Debug|x86.Build.0 = Debug|Win32
		{75AC0C91-CFC6-4648-9586-B843C161D5C3}.Release|x64.ActiveCfg = Release|x64
		{75AC0C91-CFC6-4648-9586-B843C161D5C3}.Release|x64.Build.0 = Release|x64
		{75AC0C91-CFC6-4648-9586-B843C161D5C3}.Release|x86.ActiveCfg = Release|Win32
		{75AC0C91-CFC6-4648-9586-B843C161D5C3}.Release|x86.Build.0 = Release|Win32
	EndGlobalSection
	GlobalSection(SolutionProperties) = preSolution
		HideSolutionNode = FALSE
	EndGlobalSection
	GlobalSection(NestedProjects) = preSolution
		{FC1526A1-FFC8-46D8-A181-2D583AFA498A} = {83E6ECFF-A9DD-4725-B245-CEC4E34AF89B}
		{90D8138C-38DD-4549-8CA1-E7F732B13321} = {83ADBDD3-DBF8-4457-B8AC-394886CEDF01}
		{353138AB-68D9-41D5-84D5-A6FC826430D5} = {131A9134-ADC9-4872-96CE-CB5B3B194A87}
		{75AC0C91-CFC6-4648-9586-B843C161D5C3} = {ACDF55B5-1EDB-4026-882D-70D99D3E94C3}
		{83ADBDD3-DBF8-4457-B8AC-394886CEDF01} = {C8D5274F-AC00-46C7-1F8D-E88E81087A52}
		{131A9134-ADC9-4872-96CE-CB5B3B194A87} = {C8D5274F-AC00-46C7-1F8D-E88E81087A52}
		{83E6ECFF-A9DD-4725-B245-CEC4E34AF89B} = {EACC5F36-6846-4585-AD61-DBC62FC4B222}
		{ACDF55B5-1EDB-4026-882D-70D99D3E94C3} = {EACC5F36-6846-4585-AD61-DBC62FC4B222}
	EndGlobalSection
	GlobalSection(ExtensibilityGlobals) = postSolution
		SolutionGuid = {375CA874-26A8-4E11-822C-322A741006CA}
	EndGlobalSection
EndGlobal
