<?xml version="1.0" encoding="utf-8"?>
<Project ToolsVersion="4.0" xmlns="http://schemas.microsoft.com/developer/msbuild/2003">
  <ItemGroup>
    <Filter Include="00. GameInstance">
      <UniqueIdentifier>{3fd73079-64a9-42b7-82a5-1d832741424c}</UniqueIdentifier>
    </Filter>
    <Filter Include="01. Device">
      <UniqueIdentifier>{b40896a2-c289-498e-9abc-e3cfd2144066}</UniqueIdentifier>
    </Filter>
    <Filter Include="01. Device\Graphic">
      <UniqueIdentifier>{5467fe6b-6de1-4611-bbe2-e355a378db47}</UniqueIdentifier>
    </Filter>
    <Filter Include="01. Device\Input">
      <UniqueIdentifier>{039645f6-b471-46dc-bd82-70b4c5e6420c}</UniqueIdentifier>
    </Filter>
    <Filter Include="98. SuperClass">
      <UniqueIdentifier>{9710b554-6269-4795-afaa-39ead7e1111a}</UniqueIdentifier>
    </Filter>
    <Filter Include="99. Defines">
      <UniqueIdentifier>{9fa5c6ff-f6c3-4943-88b2-d5a9b43ad1a5}</UniqueIdentifier>
    </Filter>
    <Filter Include="98. SuperClass\Base">
      <UniqueIdentifier>{93f1cf8a-022d-4fb4-a428-adcac86c29c1}</UniqueIdentifier>
    </Filter>
    <Filter Include="02. Timers">
      <UniqueIdentifier>{ce537d13-ae18-40bb-a204-d8e8e85e5851}</UniqueIdentifier>
    </Filter>
    <Filter Include="02. Timers\Manager">
      <UniqueIdentifier>{d3cda394-c18b-45f8-b1b6-9122fc6fda4d}</UniqueIdentifier>
    </Filter>
    <Filter Include="03. Levels">
      <UniqueIdentifier>{e92482e1-2874-43b6-bd37-12be093e7789}</UniqueIdentifier>
    </Filter>
    <Filter Include="03. Levels\Manager">
      <UniqueIdentifier>{fbaf0f80-5460-473d-b5ca-651342cdf310}</UniqueIdentifier>
    </Filter>
    <Filter Include="04. Prototype">
      <UniqueIdentifier>{333b6bf8-0d84-442d-ad5a-c7f395c8e84b}</UniqueIdentifier>
    </Filter>
    <Filter Include="04. Prototype\Manager">
      <UniqueIdentifier>{471044b5-e8e1-4736-9230-129cd643061c}</UniqueIdentifier>
    </Filter>
    <Filter Include="05. GameObject">
      <UniqueIdentifier>{6136db02-1905-4fe0-a62c-505b64d5807a}</UniqueIdentifier>
    </Filter>
    <Filter Include="05. GameObject\Manager">
      <UniqueIdentifier>{823cbeb5-3de4-4978-bf62-d410e80391a8}</UniqueIdentifier>
    </Filter>
    <Filter Include="05. GameObject\Manager\Layer">
      <UniqueIdentifier>{4baddf13-af7e-4394-acc7-da5fc66d2f29}</UniqueIdentifier>
    </Filter>
    <Filter Include="06. Renderer">
      <UniqueIdentifier>{02ae7651-70f5-4e85-b276-739925e07dee}</UniqueIdentifier>
    </Filter>
    <Filter Include="07. Component">
      <UniqueIdentifier>{3b59cb50-6cb8-41ea-9b92-07ef7742d83d}</UniqueIdentifier>
    </Filter>
    <Filter Include="07. Component\Transform">
      <UniqueIdentifier>{382e3f91-756d-499f-b79c-d65bde1bb427}</UniqueIdentifier>
    </Filter>
  </ItemGroup>
  <ItemGroup>
    <ClInclude Include="..\Public\Engine_Defines.h">
      <Filter>99. Defines</Filter>
    </ClInclude>
    <ClInclude Include="..\Public\Engine_Enum.h">
      <Filter>99. Defines</Filter>
    </ClInclude>
    <ClInclude Include="..\Public\Engine_Function.h">
      <Filter>99. Defines</Filter>
    </ClInclude>
    <ClInclude Include="..\Public\Engine_Macro.h">
      <Filter>99. Defines</Filter>
    </ClInclude>
    <ClInclude Include="..\Public\Engine_Struct.h">
      <Filter>99. Defines</Filter>
    </ClInclude>
    <ClInclude Include="..\Public\Engine_Typedef.h">
      <Filter>99. Defines</Filter>
    </ClInclude>
    <ClInclude Include="..\Public\Base.h">
      <Filter>98. SuperClass\Base</Filter>
    </ClInclude>
    <ClInclude Include="..\Public\GameInstance.h">
      <Filter>00. GameInstance</Filter>
    </ClInclude>
    <ClInclude Include="..\Public\Graphic_Device.h">
      <Filter>01. Device\Graphic</Filter>
    </ClInclude>
    <ClInclude Include="..\Public\Timer_Manager.h">
      <Filter>02. Timers\Manager</Filter>
    </ClInclude>
    <ClInclude Include="..\Public\Timer.h">
      <Filter>02. Timers</Filter>
    </ClInclude>
    <ClInclude Include="..\Public\Level.h">
      <Filter>03. Levels</Filter>
    </ClInclude>
    <ClInclude Include="..\Public\Level_Manager.h">
      <Filter>03. Levels\Manager</Filter>
    </ClInclude>
    <ClInclude Include="..\Public\Prototype_Manager.h">
      <Filter>04. Prototype\Manager</Filter>
    </ClInclude>
    <ClInclude Include="..\Public\GameObject.h">
      <Filter>05. GameObject</Filter>
    </ClInclude>
    <ClInclude Include="..\Public\Layer.h">
      <Filter>05. GameObject\Manager\Layer</Filter>
    </ClInclude>
    <ClInclude Include="..\Public\Object_Manager.h">
      <Filter>05. GameObject\Manager</Filter>
    </ClInclude>
    <ClInclude Include="..\Public\Renderer.h">
      <Filter>06. Renderer</Filter>
    </ClInclude>
    <ClInclude Include="..\Public\Component.h">
      <Filter>07. Component</Filter>
    </ClInclude>
    <ClInclude Include="..\Public\Transform.h">
      <Filter>07. Component\Transform</Filter>
    </ClInclude>
  </ItemGroup>
  <ItemGroup>
    <ClCompile Include="..\Private\Base.cpp">
      <Filter>98. SuperClass\Base</Filter>
    </ClCompile>
    <ClCompile Include="..\Private\GameInstance.cpp">
      <Filter>00. GameInstance</Filter>
    </ClCompile>
    <ClCompile Include="..\Private\Graphic_Device.cpp">
      <Filter>01. Device\Graphic</Filter>
    </ClCompile>
    <ClCompile Include="..\Private\Timer_Manager.cpp">
      <Filter>02. Timers\Manager</Filter>
    </ClCompile>
    <ClCompile Include="..\Private\Timer.cpp">
      <Filter>02. Timers</Filter>
    </ClCompile>
    <ClCompile Include="..\Private\Level.cpp">
      <Filter>03. Levels</Filter>
    </ClCompile>
    <ClCompile Include="..\Private\Level_Manager.cpp">
      <Filter>03. Levels\Manager</Filter>
    </ClCompile>
    <ClCompile Include="..\Private\Prototype_Manager.cpp">
      <Filter>04. Prototype\Manager</Filter>
    </ClCompile>
    <ClCompile Include="..\Private\GameObject.cpp">
      <Filter>05. GameObject</Filter>
    </ClCompile>
    <ClCompile Include="..\Private\Layer.cpp">
      <Filter>05. GameObject\Manager\Layer</Filter>
    </ClCompile>
    <ClCompile Include="..\Private\Object_Manager.cpp">
      <Filter>05. GameObject\Manager</Filter>
    </ClCompile>
    <ClCompile Include="..\Private\Renderer.cpp">
      <Filter>06. Renderer</Filter>
    </ClCompile>
    <ClCompile Include="..\Private\Component.cpp">
      <Filter>07. Component</Filter>
    </ClCompile>
    <ClCompile Include="..\Private\Transform.cpp">
      <Filter>07. Component\Transform</Filter>
    </ClCompile>
  </ItemGroup>
</Project>