
Microsoft Visual Studio Solution File, Format Version 12.00
# Visual Studio Version 17
VisualStudioVersion = 17.14.36414.22
MinimumVisualStudioVersion = 10.0.40219.1
Project("{8BC9CEB8-8B4A-11D0-8D11-00A0C91BC942}") = "Client", "Client\Default\Client.vcxproj", "{C95504ED-3028-4D18-8B56-91B52D265560}"
	ProjectSection(ProjectDependencies) = postProject
		{3CEEBBF0-1294-499E-A21E-0135BDA634AC} = {3CEEBBF0-1294-499E-A21E-0135BDA634AC}
	EndProjectSection
EndProject
Project("{8BC9CEB8-8B4A-11D0-8D11-00A0C91BC942}") = "Engine", "Engine\Default\Engine.vcxproj", "{3CEEBBF0-1294-499E-A21E-0135BDA634AC}"
EndProject
Global
	GlobalSection(SolutionConfigurationPlatforms) = preSolution
		Debug|x64 = Debug|x64
		Debug|x86 = Debug|x86
		Release|x64 = Release|x64
		Release|x86 = Release|x86
	EndGlobalSection
	GlobalSection(ProjectConfigurationPlatforms) = postSolution
		{C95504ED-3028-4D18-8B56-91B52D265560}.Debug|x64.ActiveCfg = Debug|x64
		{C95504ED-3028-4D18-8B56-91B52D265560}.Debug|x64.Build.0 = Debug|x64
		{C95504ED-3028-4D18-8B56-91B52D265560}.Debug|x86.ActiveCfg = Debug|Win32
		{C95504ED-3028-4D18-8B56-91B52D265560}.Debug|x86.Build.0 = Debug|Win32
		{C95504ED-3028-4D18-8B56-91B52D265560}.Release|x64.ActiveCfg = Release|x64
		{C95504ED-3028-4D18-8B56-91B52D265560}.Release|x64.Build.0 = Release|x64
		{C95504ED-3028-4D18-8B56-91B52D265560}.Release|x86.ActiveCfg = Release|Win32
		{C95504ED-3028-4D18-8B56-91B52D265560}.Release|x86.Build.0 = Release|Win32
		{3CEEBBF0-1294-499E-A21E-0135BDA634AC}.Debug|x64.ActiveCfg = Debug|x64
		{3CEEBBF0-1294-499E-A21E-0135BDA634AC}.Debug|x64.Build.0 = Debug|x64
		{3CEEBBF0-1294-499E-A21E-0135BDA634AC}.Debug|x86.ActiveCfg = Debug|Win32
		{3CEEBBF0-1294-499E-A21E-0135BDA634AC}.Debug|x86.Build.0 = Debug|Win32
		{3CEEBBF0-1294-499E-A21E-0135BDA634AC}.Release|x64.ActiveCfg = Release|x64
		{3CEEBBF0-1294-499E-A21E-0135BDA634AC}.Release|x64.Build.0 = Release|x64
		{3CEEBBF0-1294-499E-A21E-0135BDA634AC}.Release|x86.ActiveCfg = Release|Win32
		{3CEEBBF0-1294-499E-A21E-0135BDA634AC}.Release|x86.Build.0 = Release|Win32
	EndGlobalSection
	GlobalSection(SolutionProperties) = preSolution
		HideSolutionNode = FALSE
	EndGlobalSection
	GlobalSection(ExtensibilityGlobals) = postSolution
		SolutionGuid = {BB559A41-BE16-4749-B0BE-62AECC795EF9}
	EndGlobalSection
EndGlobal
